
Microsoft Visual Studio Solution File, Format Version 12.00
# Visual Studio 15
VisualStudioVersion = 15.0.28307.421
MinimumVisualStudioVersion = 10.0.40219.1
Project("{FAE04EC0-301F-11D3-BF4B-00C04F79EFBC}") = "01 HelloWorld", "DemoConsole\01 HelloWorld.csproj", "{9405E2C4-1B07-4414-A68E-18EDDD784858}"
EndProject
Project("{FAE04EC0-301F-11D3-BF4B-00C04F79EFBC}") = "02 ElemenyJezyka", "Zmienne\02 ElemenyJezyka.csproj", "{7166C013-5E4A-425E-9198-9C9E387D85BE}"
EndProject
Project("{FAE04EC0-301F-11D3-BF4B-00C04F79EFBC}") = "Zadania1", "Zadania1\Zadania1.csproj", "{0F97DCF4-A09B-4844-9FFB-3A7A275BA81F}"
EndProject
Project("{FAE04EC0-301F-11D3-BF4B-00C04F79EFBC}") = "SrednieOcen", "SrednieOcen\SrednieOcen.csproj", "{BC4AB175-1BD0-429D-A001-E949355753A7}"
EndProject
Project("{FAE04EC0-301F-11D3-BF4B-00C04F79EFBC}") = "03 Metody", "03 Metody\03 Metody.csproj", "{C03DB9D9-9778-4DAB-B5AE-7613598B254E}"
EndProject
Project("{FAE04EC0-301F-11D3-BF4B-00C04F79EFBC}") = "ZawodySportowe", "ZawodySportowe\ZawodySportowe.csproj", "{0AC318B2-DE6E-41DC-A731-9A95EA66177A}"
EndProject
Project("{FAE04EC0-301F-11D3-BF4B-00C04F79EFBC}") = "Sport1", "Sport1\Sport1.csproj", "{F149D312-D37B-4888-8727-9EF622F1CED0}"
EndProject
Global
	GlobalSection(SolutionConfigurationPlatforms) = preSolution
		Debug|Any CPU = Debug|Any CPU
		Release|Any CPU = Release|Any CPU
	EndGlobalSection
	GlobalSection(ProjectConfigurationPlatforms) = postSolution
		{9405E2C4-1B07-4414-A68E-18EDDD784858}.Debug|Any CPU.ActiveCfg = Debug|Any CPU
		{9405E2C4-1B07-4414-A68E-18EDDD784858}.Debug|Any CPU.Build.0 = Debug|Any CPU
		{9405E2C4-1B07-4414-A68E-18EDDD784858}.Release|Any CPU.ActiveCfg = Release|Any CPU
		{9405E2C4-1B07-4414-A68E-18EDDD784858}.Release|Any CPU.Build.0 = Release|Any CPU
		{7166C013-5E4A-425E-9198-9C9E387D85BE}.Debug|Any CPU.ActiveCfg = Debug|Any CPU
		{7166C013-5E4A-425E-9198-9C9E387D85BE}.Debug|Any CPU.Build.0 = Debug|Any CPU
		{7166C013-5E4A-425E-9198-9C9E387D85BE}.Release|Any CPU.ActiveCfg = Release|Any CPU
		{7166C013-5E4A-425E-9198-9C9E387D85BE}.Release|Any CPU.Build.0 = Release|Any CPU
		{0F97DCF4-A09B-4844-9FFB-3A7A275BA81F}.Debug|Any CPU.ActiveCfg = Debug|Any CPU
		{0F97DCF4-A09B-4844-9FFB-3A7A275BA81F}.Debug|Any CPU.Build.0 = Debug|Any CPU
		{0F97DCF4-A09B-4844-9FFB-3A7A275BA81F}.Release|Any CPU.ActiveCfg = Release|Any CPU
		{0F97DCF4-A09B-4844-9FFB-3A7A275BA81F}.Release|Any CPU.Build.0 = Release|Any CPU
		{BC4AB175-1BD0-429D-A001-E949355753A7}.Debug|Any CPU.ActiveCfg = Debug|Any CPU
		{BC4AB175-1BD0-429D-A001-E949355753A7}.Debug|Any CPU.Build.0 = Debug|Any CPU
		{BC4AB175-1BD0-429D-A001-E949355753A7}.Release|Any CPU.ActiveCfg = Release|Any CPU
		{BC4AB175-1BD0-429D-A001-E949355753A7}.Release|Any CPU.Build.0 = Release|Any CPU
		{C03DB9D9-9778-4DAB-B5AE-7613598B254E}.Debug|Any CPU.ActiveCfg = Debug|Any CPU
		{C03DB9D9-9778-4DAB-B5AE-7613598B254E}.Debug|Any CPU.Build.0 = Debug|Any CPU
		{C03DB9D9-9778-4DAB-B5AE-7613598B254E}.Release|Any CPU.ActiveCfg = Release|Any CPU
		{C03DB9D9-9778-4DAB-B5AE-7613598B254E}.Release|Any CPU.Build.0 = Release|Any CPU
		{0AC318B2-DE6E-41DC-A731-9A95EA66177A}.Debug|Any CPU.ActiveCfg = Debug|Any CPU
		{0AC318B2-DE6E-41DC-A731-9A95EA66177A}.Debug|Any CPU.Build.0 = Debug|Any CPU
		{0AC318B2-DE6E-41DC-A731-9A95EA66177A}.Release|Any CPU.ActiveCfg = Release|Any CPU
		{0AC318B2-DE6E-41DC-A731-9A95EA66177A}.Release|Any CPU.Build.0 = Release|Any CPU
		{F149D312-D37B-4888-8727-9EF622F1CED0}.Debug|Any CPU.ActiveCfg = Debug|Any CPU
		{F149D312-D37B-4888-8727-9EF622F1CED0}.Debug|Any CPU.Build.0 = Debug|Any CPU
		{F149D312-D37B-4888-8727-9EF622F1CED0}.Release|Any CPU.ActiveCfg = Release|Any CPU
		{F149D312-D37B-4888-8727-9EF622F1CED0}.Release|Any CPU.Build.0 = Release|Any CPU
	EndGlobalSection
	GlobalSection(SolutionProperties) = preSolution
		HideSolutionNode = FALSE
	EndGlobalSection
	GlobalSection(ExtensibilityGlobals) = postSolution
		SolutionGuid = {162B00EC-728B-4FAE-BB20-5FF11500C820}
	EndGlobalSection
EndGlobal
